
Microsoft Visual Studio Solution File, Format Version 12.00
# Visual Studio Version 16
VisualStudioVersion = 16.0.31229.75
MinimumVisualStudioVersion = 10.0.40219.1
Project("{FAE04EC0-301F-11D3-BF4B-00C04F79EFBC}") = "ProyectoAresInfer", "ProyectoAresInfer.csproj", "{B8118F1F-E53C-490E-9A51-5401BF0F5A9C}"
EndProject
Global
	GlobalSection(SolutionConfigurationPlatforms) = preSolution
		Debug|Any CPU = Debug|Any CPU
		Release|Any CPU = Release|Any CPU
	EndGlobalSection
	GlobalSection(ProjectConfigurationPlatforms) = postSolution
		{B8118F1F-E53C-490E-9A51-5401BF0F5A9C}.Debug|Any CPU.ActiveCfg = Debug|Any CPU
		{B8118F1F-E53C-490E-9A51-5401BF0F5A9C}.Debug|Any CPU.Build.0 = Debug|Any CPU
		{B8118F1F-E53C-490E-9A51-5401BF0F5A9C}.Release|Any CPU.ActiveCfg = Release|Any CPU
		{B8118F1F-E53C-490E-9A51-5401BF0F5A9C}.Release|Any CPU.Build.0 = Release|Any CPU
	EndGlobalSection
	GlobalSection(SolutionProperties) = preSolution
		HideSolutionNode = FALSE
	EndGlobalSection
	GlobalSection(ExtensibilityGlobals) = postSolution
		SolutionGuid = {4DD330C0-A347-4E84-80D1-A92A84140470}
	EndGlobalSection
EndGlobal
